
Microsoft Visual Studio Solution File, Format Version 12.00
# Visual Studio Version 17
VisualStudioVersion = 17.3.32922.545
MinimumVisualStudioVersion = 10.0.40219.1
Project("{FAE04EC0-301F-11D3-BF4B-00C04F79EFBC}") = "ToDoReminder", "ReminderProject\ToDoReminder.csproj", "{13C9A7CA-16D0-4286-8A7F-A950715F1BBE}"
EndProject
Global
	GlobalSection(SolutionConfigurationPlatforms) = preSolution
		Debug|Any CPU = Debug|Any CPU
		Release|Any CPU = Release|Any CPU
	EndGlobalSection
	GlobalSection(ProjectConfigurationPlatforms) = postSolution
		{13C9A7CA-16D0-4286-8A7F-A950715F1BBE}.Debug|Any CPU.ActiveCfg = Debug|Any CPU
		{13C9A7CA-16D0-4286-8A7F-A950715F1BBE}.Debug|Any CPU.Build.0 = Debug|Any CPU
		{13C9A7CA-16D0-4286-8A7F-A950715F1BBE}.Release|Any CPU.ActiveCfg = Release|Any CPU
		{13C9A7CA-16D0-4286-8A7F-A950715F1BBE}.Release|Any CPU.Build.0 = Release|Any CPU
	EndGlobalSection
	GlobalSection(SolutionProperties) = preSolution
		HideSolutionNode = FALSE
	EndGlobalSection
	GlobalSection(ExtensibilityGlobals) = postSolution
		SolutionGuid = {D598F6A8-B03E-4647-A1A4-18538201C537}
	EndGlobalSection
EndGlobal
